
Microsoft Visual Studio Solution File, Format Version 12.00
# Visual Studio 14
VisualStudioVersion = 14.0.25420.1
MinimumVisualStudioVersion = 10.0.40219.1
Project("{FAE04EC0-301F-11D3-BF4B-00C04F79EFBC}") = "1. 2. Intro to Async Programming", "Introduction\1. 2. Intro to Async Programming\1. 2. Intro to Async Programming.csproj", "{48BA241E-3913-4B55-A1EA-E41E993DD055}"
EndProject
Project("{2150E333-8FDC-42A3-9474-1A3956D46DE8}") = "Introduction", "Introduction", "{BE87F886-A0CB-4849-A5EC-C6A9C73AEBF3}"
EndProject
Project("{FAE04EC0-301F-11D3-BF4B-00C04F79EFBC}") = "1. 2. Deadlock using Wait", "Introduction\1. 2. Deadlock using Wait\1. 2. Deadlock using Wait.csproj", "{26E4FDE2-782C-4632-82F4-5B54B5EE94A4}"
EndProject
Project("{2150E333-8FDC-42A3-9474-1A3956D46DE8}") = "Async Basics", "Async Basics", "{29638E83-5CB9-4962-92A9-11540E466D70}"
EndProject
Project("{FAE04EC0-301F-11D3-BF4B-00C04F79EFBC}") = "2. 1. Concurrent processing", "Async Basics\2. 1. Concurrent processing\2. 1. Concurrent processing.csproj", "{2A0B7294-2C4A-48A3-BBC7-43844CE79ABC}"
EndProject
Project("{FAE04EC0-301F-11D3-BF4B-00C04F79EFBC}") = "2. 2. Simple timeout", "Async Basics\2. 2. Simple timeout\2. 2. Simple timeout.csproj", "{3074728B-5B64-4685-9CC0-1FE748A43B2C}"
EndProject
Project("{FAE04EC0-301F-11D3-BF4B-00C04F79EFBC}") = "2. 3. Report Progress", "Async Basics\2. 3. Report Progress\2. 3. Report Progress.csproj", "{508DB90B-5E3F-47A2-94D2-A15A256F62CF}"
EndProject
Project("{FAE04EC0-301F-11D3-BF4B-00C04F79EFBC}") = "2. 4. Exception handling", "Async Basics\2. 4. Exception handling\2. 4. Exception handling.csproj", "{7587F5D5-A1C4-496E-BF37-D42B5B9B8AA5}"
EndProject
Project("{2150E333-8FDC-42A3-9474-1A3956D46DE8}") = "Parallel Basics", "Parallel Basics", "{F2BB6ECB-0B8B-4DC8-99AC-2C2A66A4A841}"
EndProject
Project("{FAE04EC0-301F-11D3-BF4B-00C04F79EFBC}") = "3. 1. Parallel Invocation", "Parallel Basics\3. 1. Parallel Invocation\3. 1. Parallel Invocation.csproj", "{CBE4531B-73B9-4852-84E1-C3B4068DFB47}"
EndProject
Project("{FAE04EC0-301F-11D3-BF4B-00C04F79EFBC}") = "3. 2. Dynamic Parallelism", "Parallel Basics\3. 2. Dynamic Parallelism\3. 2. Dynamic Parallelism.csproj", "{D3AA7D9E-7FB0-43D5-A94D-C8C1286BABFD}"
EndProject
Project("{2150E333-8FDC-42A3-9474-1A3956D46DE8}") = "Collections", "Collections", "{1E57BB7C-242E-4224-A72F-02E279D58840}"
EndProject
Project("{FAE04EC0-301F-11D3-BF4B-00C04F79EFBC}") = "8. 1. Immutable Stack", "Collections\8. 1. Immutable Stack\8. 1. Immutable Stack.csproj", "{C8AFA609-F5A7-4F47-B0FB-F8399DB97209}"
EndProject
Project("{FAE04EC0-301F-11D3-BF4B-00C04F79EFBC}") = "8. 1. Immutable Queue", "Collections\8. 1. Immutable Queue\8. 1. Immutable Queue.csproj", "{40AF4733-5ADC-4BD7-89A9-7216015C6E3A}"
EndProject
Project("{FAE04EC0-301F-11D3-BF4B-00C04F79EFBC}") = "8. 2. Immutable Lists", "Collections\8. 2. Immutable Lists\8. 2. Immutable Lists.csproj", "{8E7D0E4B-F4B8-4AFB-B258-B872C1CF3E14}"
EndProject
Project("{FAE04EC0-301F-11D3-BF4B-00C04F79EFBC}") = "8. 3. Immutable Sets", "Collections\8. 3. Immutable Sets\8. 3. Immutable Sets.csproj", "{7C0A6032-713D-4ECA-A071-2E2B46DE2584}"
EndProject
Project("{FAE04EC0-301F-11D3-BF4B-00C04F79EFBC}") = "8. 4. Immutable Dictionaries", "Collections\8. 4. Immutable Dictionaries\8. 4. Immutable Dictionaries.csproj", "{3C5C5F0C-E027-42E6-89D7-89E70006E510}"
EndProject
Project("{FAE04EC0-301F-11D3-BF4B-00C04F79EFBC}") = "8. 5. Threadsafe Dictionaries", "Collections\8. 5. Threadsafe Dictionaries\8. 5. Threadsafe Dictionaries.csproj", "{2E00A52C-BF1B-4C13-AB2A-CCE31832D62F}"
EndProject
Project("{FAE04EC0-301F-11D3-BF4B-00C04F79EFBC}") = "8. 6. Blocking Queues", "Collections\8. 6. Blocking Queues\8. 6. Blocking Queues.csproj", "{A0C2F536-2FB0-4DE6-8801-BCE330E255F6}"
EndProject
Project("{FAE04EC0-301F-11D3-BF4B-00C04F79EFBC}") = "8. 7. Blocking Stacks and Bags", "Collections\8. 7. Blocking Stacks and Bags\8. 7. Blocking Stacks and Bags.csproj", "{FE5F06E3-308E-4879-B73A-3270598DEB69}"
EndProject
Project("{FAE04EC0-301F-11D3-BF4B-00C04F79EFBC}") = "8. 8. Asynchonous Queues", "Collections\8. 8. Asynchonous Queues\8. 8. Asynchonous Queues.csproj", "{33E4038A-D41B-4F9C-B0F8-95F754FD8C13}"
EndProject
Project("{FAE04EC0-301F-11D3-BF4B-00C04F79EFBC}") = "8. 9. Asynchronous Stacks and Bags", "Collections\8. 9. Asynchronous Stacks and Bags\8. 9. Asynchronous Stacks and Bags.csproj", "{58A1F8BB-6E54-4719-8530-0FF0ED05785C}"
EndProject
Project("{FAE04EC0-301F-11D3-BF4B-00C04F79EFBC}") = "8. 10. Blocking and Asynchronous Queues", "Collections\8. 10. Blocking and Asynchronous Queues\8. 10. Blocking and Asynchronous Queues.csproj", "{20092C44-3688-47EE-8368-BB4F88B568AC}"
EndProject
Project("{2150E333-8FDC-42A3-9474-1A3956D46DE8}") = "Cancellation", "Cancellation", "{7FAADE3A-243C-45ED-9F79-A5C0B3A4F2DE}"
EndProject
Project("{FAE04EC0-301F-11D3-BF4B-00C04F79EFBC}") = "9. 1. Cancellation of simple request", "Cancellation\9. 1. Cancellation of simple request\9. 1. Cancellation of simple request.csproj", "{25BF8C25-4395-4F37-AB2F-81EB88FF4933}"
EndProject
Project("{2150E333-8FDC-42A3-9474-1A3956D46DE8}") = "Functional-Friendly OOP", "Functional-Friendly OOP", "{C31798E2-DE66-4FFC-B56F-3ADAD9E16B49}"
EndProject
Project("{FAE04EC0-301F-11D3-BF4B-00C04F79EFBC}") = "10. 2. Async Construction Factory", "Functional-Friendly OOP\10. 2. Async Construction Factory\10. 2. Async Construction Factory.csproj", "{4E8D8B86-5594-409B-9DE6-EAEB36169656}"
EndProject
Project("{FAE04EC0-301F-11D3-BF4B-00C04F79EFBC}") = "10. 3. Async Initialization Pattern", "Functional-Friendly OOP\10. 3. Async Initialization Pattern\10. 3. Async Initialization Pattern.csproj", "{1EA3158B-E1F0-4B8D-8616-20823DB7FDCF}"
EndProject
Global
	GlobalSection(SolutionConfigurationPlatforms) = preSolution
		Debug|Any CPU = Debug|Any CPU
		Release|Any CPU = Release|Any CPU
	EndGlobalSection
	GlobalSection(ProjectConfigurationPlatforms) = postSolution
		{48BA241E-3913-4B55-A1EA-E41E993DD055}.Debug|Any CPU.ActiveCfg = Debug|Any CPU
		{48BA241E-3913-4B55-A1EA-E41E993DD055}.Debug|Any CPU.Build.0 = Debug|Any CPU
		{48BA241E-3913-4B55-A1EA-E41E993DD055}.Release|Any CPU.ActiveCfg = Release|Any CPU
		{48BA241E-3913-4B55-A1EA-E41E993DD055}.Release|Any CPU.Build.0 = Release|Any CPU
		{26E4FDE2-782C-4632-82F4-5B54B5EE94A4}.Debug|Any CPU.ActiveCfg = Debug|Any CPU
		{26E4FDE2-782C-4632-82F4-5B54B5EE94A4}.Debug|Any CPU.Build.0 = Debug|Any CPU
		{26E4FDE2-782C-4632-82F4-5B54B5EE94A4}.Release|Any CPU.ActiveCfg = Release|Any CPU
		{26E4FDE2-782C-4632-82F4-5B54B5EE94A4}.Release|Any CPU.Build.0 = Release|Any CPU
		{2A0B7294-2C4A-48A3-BBC7-43844CE79ABC}.Debug|Any CPU.ActiveCfg = Debug|Any CPU
		{2A0B7294-2C4A-48A3-BBC7-43844CE79ABC}.Debug|Any CPU.Build.0 = Debug|Any CPU
		{2A0B7294-2C4A-48A3-BBC7-43844CE79ABC}.Release|Any CPU.ActiveCfg = Release|Any CPU
		{2A0B7294-2C4A-48A3-BBC7-43844CE79ABC}.Release|Any CPU.Build.0 = Release|Any CPU
		{3074728B-5B64-4685-9CC0-1FE748A43B2C}.Debug|Any CPU.ActiveCfg = Debug|Any CPU
		{3074728B-5B64-4685-9CC0-1FE748A43B2C}.Debug|Any CPU.Build.0 = Debug|Any CPU
		{3074728B-5B64-4685-9CC0-1FE748A43B2C}.Release|Any CPU.ActiveCfg = Release|Any CPU
		{3074728B-5B64-4685-9CC0-1FE748A43B2C}.Release|Any CPU.Build.0 = Release|Any CPU
		{508DB90B-5E3F-47A2-94D2-A15A256F62CF}.Debug|Any CPU.ActiveCfg = Debug|Any CPU
		{508DB90B-5E3F-47A2-94D2-A15A256F62CF}.Debug|Any CPU.Build.0 = Debug|Any CPU
		{508DB90B-5E3F-47A2-94D2-A15A256F62CF}.Release|Any CPU.ActiveCfg = Release|Any CPU
		{508DB90B-5E3F-47A2-94D2-A15A256F62CF}.Release|Any CPU.Build.0 = Release|Any CPU
		{7587F5D5-A1C4-496E-BF37-D42B5B9B8AA5}.Debug|Any CPU.ActiveCfg = Debug|Any CPU
		{7587F5D5-A1C4-496E-BF37-D42B5B9B8AA5}.Debug|Any CPU.Build.0 = Debug|Any CPU
		{7587F5D5-A1C4-496E-BF37-D42B5B9B8AA5}.Release|Any CPU.ActiveCfg = Release|Any CPU
		{7587F5D5-A1C4-496E-BF37-D42B5B9B8AA5}.Release|Any CPU.Build.0 = Release|Any CPU
		{CBE4531B-73B9-4852-84E1-C3B4068DFB47}.Debug|Any CPU.ActiveCfg = Debug|Any CPU
		{CBE4531B-73B9-4852-84E1-C3B4068DFB47}.Debug|Any CPU.Build.0 = Debug|Any CPU
		{CBE4531B-73B9-4852-84E1-C3B4068DFB47}.Release|Any CPU.ActiveCfg = Release|Any CPU
		{CBE4531B-73B9-4852-84E1-C3B4068DFB47}.Release|Any CPU.Build.0 = Release|Any CPU
		{D3AA7D9E-7FB0-43D5-A94D-C8C1286BABFD}.Debug|Any CPU.ActiveCfg = Debug|Any CPU
		{D3AA7D9E-7FB0-43D5-A94D-C8C1286BABFD}.Debug|Any CPU.Build.0 = Debug|Any CPU
		{D3AA7D9E-7FB0-43D5-A94D-C8C1286BABFD}.Release|Any CPU.ActiveCfg = Release|Any CPU
		{D3AA7D9E-7FB0-43D5-A94D-C8C1286BABFD}.Release|Any CPU.Build.0 = Release|Any CPU
		{C8AFA609-F5A7-4F47-B0FB-F8399DB97209}.Debug|Any CPU.ActiveCfg = Debug|Any CPU
		{C8AFA609-F5A7-4F47-B0FB-F8399DB97209}.Debug|Any CPU.Build.0 = Debug|Any CPU
		{C8AFA609-F5A7-4F47-B0FB-F8399DB97209}.Release|Any CPU.ActiveCfg = Release|Any CPU
		{C8AFA609-F5A7-4F47-B0FB-F8399DB97209}.Release|Any CPU.Build.0 = Release|Any CPU
		{40AF4733-5ADC-4BD7-89A9-7216015C6E3A}.Debug|Any CPU.ActiveCfg = Debug|Any CPU
		{40AF4733-5ADC-4BD7-89A9-7216015C6E3A}.Debug|Any CPU.Build.0 = Debug|Any CPU
		{40AF4733-5ADC-4BD7-89A9-7216015C6E3A}.Release|Any CPU.ActiveCfg = Release|Any CPU
		{40AF4733-5ADC-4BD7-89A9-7216015C6E3A}.Release|Any CPU.Build.0 = Release|Any CPU
		{8E7D0E4B-F4B8-4AFB-B258-B872C1CF3E14}.Debug|Any CPU.ActiveCfg = Debug|Any CPU
		{8E7D0E4B-F4B8-4AFB-B258-B872C1CF3E14}.Debug|Any CPU.Build.0 = Debug|Any CPU
		{8E7D0E4B-F4B8-4AFB-B258-B872C1CF3E14}.Release|Any CPU.ActiveCfg = Release|Any CPU
		{8E7D0E4B-F4B8-4AFB-B258-B872C1CF3E14}.Release|Any CPU.Build.0 = Release|Any CPU
		{7C0A6032-713D-4ECA-A071-2E2B46DE2584}.Debug|Any CPU.ActiveCfg = Debug|Any CPU
		{7C0A6032-713D-4ECA-A071-2E2B46DE2584}.Debug|Any CPU.Build.0 = Debug|Any CPU
		{7C0A6032-713D-4ECA-A071-2E2B46DE2584}.Release|Any CPU.ActiveCfg = Release|Any CPU
		{7C0A6032-713D-4ECA-A071-2E2B46DE2584}.Release|Any CPU.Build.0 = Release|Any CPU
		{3C5C5F0C-E027-42E6-89D7-89E70006E510}.Debug|Any CPU.ActiveCfg = Debug|Any CPU
		{3C5C5F0C-E027-42E6-89D7-89E70006E510}.Debug|Any CPU.Build.0 = Debug|Any CPU
		{3C5C5F0C-E027-42E6-89D7-89E70006E510}.Release|Any CPU.ActiveCfg = Release|Any CPU
		{3C5C5F0C-E027-42E6-89D7-89E70006E510}.Release|Any CPU.Build.0 = Release|Any CPU
		{2E00A52C-BF1B-4C13-AB2A-CCE31832D62F}.Debug|Any CPU.ActiveCfg = Debug|Any CPU
		{2E00A52C-BF1B-4C13-AB2A-CCE31832D62F}.Debug|Any CPU.Build.0 = Debug|Any CPU
		{2E00A52C-BF1B-4C13-AB2A-CCE31832D62F}.Release|Any CPU.ActiveCfg = Release|Any CPU
		{2E00A52C-BF1B-4C13-AB2A-CCE31832D62F}.Release|Any CPU.Build.0 = Release|Any CPU
		{A0C2F536-2FB0-4DE6-8801-BCE330E255F6}.Debug|Any CPU.ActiveCfg = Debug|Any CPU
		{A0C2F536-2FB0-4DE6-8801-BCE330E255F6}.Debug|Any CPU.Build.0 = Debug|Any CPU
		{A0C2F536-2FB0-4DE6-8801-BCE330E255F6}.Release|Any CPU.ActiveCfg = Release|Any CPU
		{A0C2F536-2FB0-4DE6-8801-BCE330E255F6}.Release|Any CPU.Build.0 = Release|Any CPU
		{FE5F06E3-308E-4879-B73A-3270598DEB69}.Debug|Any CPU.ActiveCfg = Debug|Any CPU
		{FE5F06E3-308E-4879-B73A-3270598DEB69}.Debug|Any CPU.Build.0 = Debug|Any CPU
		{FE5F06E3-308E-4879-B73A-3270598DEB69}.Release|Any CPU.ActiveCfg = Release|Any CPU
		{FE5F06E3-308E-4879-B73A-3270598DEB69}.Release|Any CPU.Build.0 = Release|Any CPU
		{33E4038A-D41B-4F9C-B0F8-95F754FD8C13}.Debug|Any CPU.ActiveCfg = Debug|Any CPU
		{33E4038A-D41B-4F9C-B0F8-95F754FD8C13}.Debug|Any CPU.Build.0 = Debug|Any CPU
		{33E4038A-D41B-4F9C-B0F8-95F754FD8C13}.Release|Any CPU.ActiveCfg = Release|Any CPU
		{33E4038A-D41B-4F9C-B0F8-95F754FD8C13}.Release|Any CPU.Build.0 = Release|Any CPU
		{58A1F8BB-6E54-4719-8530-0FF0ED05785C}.Debug|Any CPU.ActiveCfg = Debug|Any CPU
		{58A1F8BB-6E54-4719-8530-0FF0ED05785C}.Debug|Any CPU.Build.0 = Debug|Any CPU
		{58A1F8BB-6E54-4719-8530-0FF0ED05785C}.Release|Any CPU.ActiveCfg = Release|Any CPU
		{58A1F8BB-6E54-4719-8530-0FF0ED05785C}.Release|Any CPU.Build.0 = Release|Any CPU
		{20092C44-3688-47EE-8368-BB4F88B568AC}.Debug|Any CPU.ActiveCfg = Debug|Any CPU
		{20092C44-3688-47EE-8368-BB4F88B568AC}.Debug|Any CPU.Build.0 = Debug|Any CPU
		{20092C44-3688-47EE-8368-BB4F88B568AC}.Release|Any CPU.ActiveCfg = Release|Any CPU
		{20092C44-3688-47EE-8368-BB4F88B568AC}.Release|Any CPU.Build.0 = Release|Any CPU
		{25BF8C25-4395-4F37-AB2F-81EB88FF4933}.Debug|Any CPU.ActiveCfg = Debug|Any CPU
		{25BF8C25-4395-4F37-AB2F-81EB88FF4933}.Debug|Any CPU.Build.0 = Debug|Any CPU
		{25BF8C25-4395-4F37-AB2F-81EB88FF4933}.Release|Any CPU.ActiveCfg = Release|Any CPU
		{25BF8C25-4395-4F37-AB2F-81EB88FF4933}.Release|Any CPU.Build.0 = Release|Any CPU
		{4E8D8B86-5594-409B-9DE6-EAEB36169656}.Debug|Any CPU.ActiveCfg = Debug|Any CPU
		{4E8D8B86-5594-409B-9DE6-EAEB36169656}.Debug|Any CPU.Build.0 = Debug|Any CPU
		{4E8D8B86-5594-409B-9DE6-EAEB36169656}.Release|Any CPU.ActiveCfg = Release|Any CPU
		{4E8D8B86-5594-409B-9DE6-EAEB36169656}.Release|Any CPU.Build.0 = Release|Any CPU
		{1EA3158B-E1F0-4B8D-8616-20823DB7FDCF}.Debug|Any CPU.ActiveCfg = Debug|Any CPU
		{1EA3158B-E1F0-4B8D-8616-20823DB7FDCF}.Debug|Any CPU.Build.0 = Debug|Any CPU
		{1EA3158B-E1F0-4B8D-8616-20823DB7FDCF}.Release|Any CPU.ActiveCfg = Release|Any CPU
		{1EA3158B-E1F0-4B8D-8616-20823DB7FDCF}.Release|Any CPU.Build.0 = Release|Any CPU
	EndGlobalSection
	GlobalSection(SolutionProperties) = preSolution
		HideSolutionNode = FALSE
	EndGlobalSection
	GlobalSection(NestedProjects) = preSolution
		{48BA241E-3913-4B55-A1EA-E41E993DD055} = {BE87F886-A0CB-4849-A5EC-C6A9C73AEBF3}
		{26E4FDE2-782C-4632-82F4-5B54B5EE94A4} = {BE87F886-A0CB-4849-A5EC-C6A9C73AEBF3}
		{2A0B7294-2C4A-48A3-BBC7-43844CE79ABC} = {29638E83-5CB9-4962-92A9-11540E466D70}
		{3074728B-5B64-4685-9CC0-1FE748A43B2C} = {29638E83-5CB9-4962-92A9-11540E466D70}
		{508DB90B-5E3F-47A2-94D2-A15A256F62CF} = {29638E83-5CB9-4962-92A9-11540E466D70}
		{7587F5D5-A1C4-496E-BF37-D42B5B9B8AA5} = {29638E83-5CB9-4962-92A9-11540E466D70}
		{CBE4531B-73B9-4852-84E1-C3B4068DFB47} = {F2BB6ECB-0B8B-4DC8-99AC-2C2A66A4A841}
		{D3AA7D9E-7FB0-43D5-A94D-C8C1286BABFD} = {F2BB6ECB-0B8B-4DC8-99AC-2C2A66A4A841}
		{C8AFA609-F5A7-4F47-B0FB-F8399DB97209} = {1E57BB7C-242E-4224-A72F-02E279D58840}
		{40AF4733-5ADC-4BD7-89A9-7216015C6E3A} = {1E57BB7C-242E-4224-A72F-02E279D58840}
		{8E7D0E4B-F4B8-4AFB-B258-B872C1CF3E14} = {1E57BB7C-242E-4224-A72F-02E279D58840}
		{7C0A6032-713D-4ECA-A071-2E2B46DE2584} = {1E57BB7C-242E-4224-A72F-02E279D58840}
		{3C5C5F0C-E027-42E6-89D7-89E70006E510} = {1E57BB7C-242E-4224-A72F-02E279D58840}
		{2E00A52C-BF1B-4C13-AB2A-CCE31832D62F} = {1E57BB7C-242E-4224-A72F-02E279D58840}
		{A0C2F536-2FB0-4DE6-8801-BCE330E255F6} = {1E57BB7C-242E-4224-A72F-02E279D58840}
		{FE5F06E3-308E-4879-B73A-3270598DEB69} = {1E57BB7C-242E-4224-A72F-02E279D58840}
		{33E4038A-D41B-4F9C-B0F8-95F754FD8C13} = {1E57BB7C-242E-4224-A72F-02E279D58840}
		{58A1F8BB-6E54-4719-8530-0FF0ED05785C} = {1E57BB7C-242E-4224-A72F-02E279D58840}
		{20092C44-3688-47EE-8368-BB4F88B568AC} = {1E57BB7C-242E-4224-A72F-02E279D58840}
		{25BF8C25-4395-4F37-AB2F-81EB88FF4933} = {7FAADE3A-243C-45ED-9F79-A5C0B3A4F2DE}
		{4E8D8B86-5594-409B-9DE6-EAEB36169656} = {C31798E2-DE66-4FFC-B56F-3ADAD9E16B49}
		{1EA3158B-E1F0-4B8D-8616-20823DB7FDCF} = {C31798E2-DE66-4FFC-B56F-3ADAD9E16B49}
	EndGlobalSection
EndGlobal
