
Microsoft Visual Studio Solution File, Format Version 12.00
# Visual Studio 14
VisualStudioVersion = 14.0.25420.1
MinimumVisualStudioVersion = 10.0.40219.1
Project("{FAE04EC0-301F-11D3-BF4B-00C04F79EFBC}") = "1. 2. Intro to Async Programming", "Introduction\1. 2. Intro to Async Programming\1. 2. Intro to Async Programming.csproj", "{48BA241E-3913-4B55-A1EA-E41E993DD055}"
EndProject
Project("{2150E333-8FDC-42A3-9474-1A3956D46DE8}") = "Introduction", "Introduction", "{BE87F886-A0CB-4849-A5EC-C6A9C73AEBF3}"
EndProject
Project("{FAE04EC0-301F-11D3-BF4B-00C04F79EFBC}") = "1. 2. Deadlock using Wait", "Introduction\1. 2. Deadlock using Wait\1. 2. Deadlock using Wait.csproj", "{26E4FDE2-782C-4632-82F4-5B54B5EE94A4}"
EndProject
Project("{2150E333-8FDC-42A3-9474-1A3956D46DE8}") = "Async Basics", "Async Basics", "{29638E83-5CB9-4962-92A9-11540E466D70}"
EndProject
Project("{FAE04EC0-301F-11D3-BF4B-00C04F79EFBC}") = "2. 1. Concurrent processing", "Async Basics\2. 1. Concurrent processing\2. 1. Concurrent processing.csproj", "{2A0B7294-2C4A-48A3-BBC7-43844CE79ABC}"
EndProject
Project("{FAE04EC0-301F-11D3-BF4B-00C04F79EFBC}") = "2. 2. Simple timeout", "Async Basics\2. 2. Simple timeout\2. 2. Simple timeout.csproj", "{3074728B-5B64-4685-9CC0-1FE748A43B2C}"
EndProject
Project("{FAE04EC0-301F-11D3-BF4B-00C04F79EFBC}") = "2. 3. Report Progress", "Async Basics\2. 3. Report Progress\2. 3. Report Progress.csproj", "{508DB90B-5E3F-47A2-94D2-A15A256F62CF}"
EndProject
Project("{FAE04EC0-301F-11D3-BF4B-00C04F79EFBC}") = "2. 4. Exception handling", "Async Basics\2. 4. Exception handling\2. 4. Exception handling.csproj", "{7587F5D5-A1C4-496E-BF37-D42B5B9B8AA5}"
EndProject
Project("{2150E333-8FDC-42A3-9474-1A3956D46DE8}") = "Parallel Basics", "Parallel Basics", "{F2BB6ECB-0B8B-4DC8-99AC-2C2A66A4A841}"
EndProject
Project("{FAE04EC0-301F-11D3-BF4B-00C04F79EFBC}") = "3. 1. Parallel Invocation", "Parallel Basics\3. 1. Parallel Invocation\3. 1. Parallel Invocation.csproj", "{CBE4531B-73B9-4852-84E1-C3B4068DFB47}"
EndProject
Project("{FAE04EC0-301F-11D3-BF4B-00C04F79EFBC}") = "3. 2. Dynamic Parallelism", "Parallel Basics\3. 2. Dynamic Parallelism\3. 2. Dynamic Parallelism.csproj", "{D3AA7D9E-7FB0-43D5-A94D-C8C1286BABFD}"
EndProject
Global
	GlobalSection(SolutionConfigurationPlatforms) = preSolution
		Debug|Any CPU = Debug|Any CPU
		Release|Any CPU = Release|Any CPU
	EndGlobalSection
	GlobalSection(ProjectConfigurationPlatforms) = postSolution
		{48BA241E-3913-4B55-A1EA-E41E993DD055}.Debug|Any CPU.ActiveCfg = Debug|Any CPU
		{48BA241E-3913-4B55-A1EA-E41E993DD055}.Debug|Any CPU.Build.0 = Debug|Any CPU
		{48BA241E-3913-4B55-A1EA-E41E993DD055}.Release|Any CPU.ActiveCfg = Release|Any CPU
		{48BA241E-3913-4B55-A1EA-E41E993DD055}.Release|Any CPU.Build.0 = Release|Any CPU
		{26E4FDE2-782C-4632-82F4-5B54B5EE94A4}.Debug|Any CPU.ActiveCfg = Debug|Any CPU
		{26E4FDE2-782C-4632-82F4-5B54B5EE94A4}.Debug|Any CPU.Build.0 = Debug|Any CPU
		{26E4FDE2-782C-4632-82F4-5B54B5EE94A4}.Release|Any CPU.ActiveCfg = Release|Any CPU
		{26E4FDE2-782C-4632-82F4-5B54B5EE94A4}.Release|Any CPU.Build.0 = Release|Any CPU
		{2A0B7294-2C4A-48A3-BBC7-43844CE79ABC}.Debug|Any CPU.ActiveCfg = Debug|Any CPU
		{2A0B7294-2C4A-48A3-BBC7-43844CE79ABC}.Debug|Any CPU.Build.0 = Debug|Any CPU
		{2A0B7294-2C4A-48A3-BBC7-43844CE79ABC}.Release|Any CPU.ActiveCfg = Release|Any CPU
		{2A0B7294-2C4A-48A3-BBC7-43844CE79ABC}.Release|Any CPU.Build.0 = Release|Any CPU
		{3074728B-5B64-4685-9CC0-1FE748A43B2C}.Debug|Any CPU.ActiveCfg = Debug|Any CPU
		{3074728B-5B64-4685-9CC0-1FE748A43B2C}.Debug|Any CPU.Build.0 = Debug|Any CPU
		{3074728B-5B64-4685-9CC0-1FE748A43B2C}.Release|Any CPU.ActiveCfg = Release|Any CPU
		{3074728B-5B64-4685-9CC0-1FE748A43B2C}.Release|Any CPU.Build.0 = Release|Any CPU
		{508DB90B-5E3F-47A2-94D2-A15A256F62CF}.Debug|Any CPU.ActiveCfg = Debug|Any CPU
		{508DB90B-5E3F-47A2-94D2-A15A256F62CF}.Debug|Any CPU.Build.0 = Debug|Any CPU
		{508DB90B-5E3F-47A2-94D2-A15A256F62CF}.Release|Any CPU.ActiveCfg = Release|Any CPU
		{508DB90B-5E3F-47A2-94D2-A15A256F62CF}.Release|Any CPU.Build.0 = Release|Any CPU
		{7587F5D5-A1C4-496E-BF37-D42B5B9B8AA5}.Debug|Any CPU.ActiveCfg = Debug|Any CPU
		{7587F5D5-A1C4-496E-BF37-D42B5B9B8AA5}.Debug|Any CPU.Build.0 = Debug|Any CPU
		{7587F5D5-A1C4-496E-BF37-D42B5B9B8AA5}.Release|Any CPU.ActiveCfg = Release|Any CPU
		{7587F5D5-A1C4-496E-BF37-D42B5B9B8AA5}.Release|Any CPU.Build.0 = Release|Any CPU
		{CBE4531B-73B9-4852-84E1-C3B4068DFB47}.Debug|Any CPU.ActiveCfg = Debug|Any CPU
		{CBE4531B-73B9-4852-84E1-C3B4068DFB47}.Debug|Any CPU.Build.0 = Debug|Any CPU
		{CBE4531B-73B9-4852-84E1-C3B4068DFB47}.Release|Any CPU.ActiveCfg = Release|Any CPU
		{CBE4531B-73B9-4852-84E1-C3B4068DFB47}.Release|Any CPU.Build.0 = Release|Any CPU
		{D3AA7D9E-7FB0-43D5-A94D-C8C1286BABFD}.Debug|Any CPU.ActiveCfg = Debug|Any CPU
		{D3AA7D9E-7FB0-43D5-A94D-C8C1286BABFD}.Debug|Any CPU.Build.0 = Debug|Any CPU
		{D3AA7D9E-7FB0-43D5-A94D-C8C1286BABFD}.Release|Any CPU.ActiveCfg = Release|Any CPU
		{D3AA7D9E-7FB0-43D5-A94D-C8C1286BABFD}.Release|Any CPU.Build.0 = Release|Any CPU
	EndGlobalSection
	GlobalSection(SolutionProperties) = preSolution
		HideSolutionNode = FALSE
	EndGlobalSection
	GlobalSection(NestedProjects) = preSolution
		{48BA241E-3913-4B55-A1EA-E41E993DD055} = {BE87F886-A0CB-4849-A5EC-C6A9C73AEBF3}
		{26E4FDE2-782C-4632-82F4-5B54B5EE94A4} = {BE87F886-A0CB-4849-A5EC-C6A9C73AEBF3}
		{2A0B7294-2C4A-48A3-BBC7-43844CE79ABC} = {29638E83-5CB9-4962-92A9-11540E466D70}
		{3074728B-5B64-4685-9CC0-1FE748A43B2C} = {29638E83-5CB9-4962-92A9-11540E466D70}
		{508DB90B-5E3F-47A2-94D2-A15A256F62CF} = {29638E83-5CB9-4962-92A9-11540E466D70}
		{7587F5D5-A1C4-496E-BF37-D42B5B9B8AA5} = {29638E83-5CB9-4962-92A9-11540E466D70}
		{CBE4531B-73B9-4852-84E1-C3B4068DFB47} = {F2BB6ECB-0B8B-4DC8-99AC-2C2A66A4A841}
		{D3AA7D9E-7FB0-43D5-A94D-C8C1286BABFD} = {F2BB6ECB-0B8B-4DC8-99AC-2C2A66A4A841}
	EndGlobalSection
EndGlobal
