
Microsoft Visual Studio Solution File, Format Version 12.00
# Visual Studio 14
VisualStudioVersion = 14.0.25420.1
MinimumVisualStudioVersion = 10.0.40219.1
Project("{FAE04EC0-301F-11D3-BF4B-00C04F79EFBC}") = "1.4. Delegates", "Events\1.4. Delegates\1.4. Delegates.csproj", "{FDBC5688-1BA9-4F65-B6A8-D3F4F76459CE}"
EndProject
Project("{FAE04EC0-301F-11D3-BF4B-00C04F79EFBC}") = "1.4. Actions", "Events\1.4. Actions\1.4. Actions.csproj", "{06DBF89D-6809-469F-A041-8D5F45F876B9}"
EndProject
Project("{FAE04EC0-301F-11D3-BF4B-00C04F79EFBC}") = "1.4. Lambda expressions", "Events\1.4. Lambda expressions\1.4. Lambda expressions.csproj", "{F3895C54-6A7C-4935-81AF-F8B63ADB69FE}"
EndProject
Project("{FAE04EC0-301F-11D3-BF4B-00C04F79EFBC}") = "1.4. Events with args", "Events\1.4. Events with args\1.4. Events with args.csproj", "{69E95D9B-566C-47F5-8262-7A61755D3FCB}"
EndProject
Project("{2150E333-8FDC-42A3-9474-1A3956D46DE8}") = "Events", "Events", "{7B2C2D61-20B0-40AF-99D8-77E8263ADF0D}"
EndProject
Project("{FAE04EC0-301F-11D3-BF4B-00C04F79EFBC}") = "1.4. Events with accessor", "Events\1.4. Events with accessor\1.4. Events with accessor.csproj", "{8386DC3E-E877-428E-9A90-C88596602E5C}"
EndProject
Project("{FAE04EC0-301F-11D3-BF4B-00C04F79EFBC}") = "1.4. Events and exceptions", "Events\1.4. Events and exceptions\1.4. Events and exceptions.csproj", "{41358805-9F6E-48D8-B81B-257F9D4517B3}"
EndProject
Project("{2150E333-8FDC-42A3-9474-1A3956D46DE8}") = "Data Access", "Data Access", "{C93AAA79-E7DC-484D-96BE-156D770CC709}"
EndProject
Project("{FAE04EC0-301F-11D3-BF4B-00C04F79EFBC}") = "4.1. Encoding and decoding", "Data Access\4.1. Encoding and decoding\4.1. Encoding and decoding.csproj", "{4A70F53B-2F64-4C66-AAAD-2C7D9129A1D2}"
EndProject
Project("{FAE04EC0-301F-11D3-BF4B-00C04F79EFBC}") = "4.1. Using BufferedStream", "Data Access\4.1. Using BufferedStream\4.1. Using BufferedStream.csproj", "{E90C1314-E719-4B90-AFBE-D82343524773}"
EndProject
Project("{FAE04EC0-301F-11D3-BF4B-00C04F79EFBC}") = "4.1. Async linear operations", "Data Access\4.1. Async linear operations\4.1. Async linear operations.csproj", "{F88A7753-EF09-4DD5-8205-CA169C6A74E1}"
EndProject
Project("{FAE04EC0-301F-11D3-BF4B-00C04F79EFBC}") = "4.1. Async parallel operations", "Data Access\4.1. Async parallel operations\4.1. Async parallel operations.csproj", "{A0963296-3351-415F-9011-0C97290CB07F}"
EndProject
Project("{2150E333-8FDC-42A3-9474-1A3956D46DE8}") = "Multithreading and async", "Multithreading and async", "{A075FCC2-EEB8-4A47-B2FC-E88000DD2C63}"
EndProject
Project("{FAE04EC0-301F-11D3-BF4B-00C04F79EFBC}") = "1.1. Thread sample", "Multithreading and async\1.1. Thread sample\1.1. Thread sample.csproj", "{03A24F28-F7BC-4091-ADDF-12DA56FA0E86}"
EndProject
Project("{FAE04EC0-301F-11D3-BF4B-00C04F79EFBC}") = "1.1. Task sample", "Multithreading and async\1.1. Task sample\1.1. Task sample.csproj", "{E7D91FE0-64C3-4E6E-9943-1831626A7250}"
EndProject
Project("{FAE04EC0-301F-11D3-BF4B-00C04F79EFBC}") = "1.1. Parent task", "Multithreading and async\1.1. Parent task\1.1. Parent task.csproj", "{ADD0A8E9-F234-47DB-BDE7-5507EF4B9BA4}"
EndProject
Project("{FAE04EC0-301F-11D3-BF4B-00C04F79EFBC}") = "1.1. Using ConfigureAwait", "Multithreading and async\1.1. Using ConfigureAwait\1.1. Using ConfigureAwait.csproj", "{670C3278-A54F-4CE1-8CC6-3AC1AFD1935D}"
EndProject
Project("{FAE04EC0-301F-11D3-BF4B-00C04F79EFBC}") = "1.5. Throw original exception", "Exception handling\1.5. Throw original exception\1.5. Throw original exception.csproj", "{BEB28371-4096-4B31-80D0-9B6CA1A39E4D}"
EndProject
Project("{2150E333-8FDC-42A3-9474-1A3956D46DE8}") = "Exception handling", "Exception handling", "{0398934E-E470-402D-8A76-231A111A9975}"
EndProject
Project("{FAE04EC0-301F-11D3-BF4B-00C04F79EFBC}") = "1.5. Throw custom exception", "Exception handling\1.5. Throw custom exception\1.5. Throw custom exception.csproj", "{4FFD2A1A-73CD-4673-B7DB-9422FBC13BF4}"
EndProject
Project("{FAE04EC0-301F-11D3-BF4B-00C04F79EFBC}") = "1.5. Break exception handling", "Exception handling\1.5. Break exception handling\1.5. Break exception handling.csproj", "{6BC9926D-61C3-4949-9F61-334C88DD8AF4}"
EndProject
Project("{FAE04EC0-301F-11D3-BF4B-00C04F79EFBC}") = "1.5. Using ExceptionDispatchInfo", "Exception handling\1.5. Using ExceptionDispatchInfo\1.5. Using ExceptionDispatchInfo.csproj", "{2E8DA0D5-507A-4F27-8E24-A1C525398C00}"
EndProject
Project("{2150E333-8FDC-42A3-9474-1A3956D46DE8}") = "Object life cycle", "Object life cycle", "{59759648-AA0C-4F40-BFD4-B268FBDED479}"
EndProject
Project("{FAE04EC0-301F-11D3-BF4B-00C04F79EFBC}") = "2.6. Disposable and finalizer", "Object life cycle\2.6. Disposable and finalizer\2.6. Disposable and finalizer.csproj", "{21F9D9E8-6150-40DC-8914-11AADB156E5F}"
EndProject
Global
	GlobalSection(SolutionConfigurationPlatforms) = preSolution
		Debug|Any CPU = Debug|Any CPU
		Release|Any CPU = Release|Any CPU
	EndGlobalSection
	GlobalSection(ProjectConfigurationPlatforms) = postSolution
		{FDBC5688-1BA9-4F65-B6A8-D3F4F76459CE}.Debug|Any CPU.ActiveCfg = Debug|Any CPU
		{FDBC5688-1BA9-4F65-B6A8-D3F4F76459CE}.Debug|Any CPU.Build.0 = Debug|Any CPU
		{FDBC5688-1BA9-4F65-B6A8-D3F4F76459CE}.Release|Any CPU.ActiveCfg = Release|Any CPU
		{FDBC5688-1BA9-4F65-B6A8-D3F4F76459CE}.Release|Any CPU.Build.0 = Release|Any CPU
		{06DBF89D-6809-469F-A041-8D5F45F876B9}.Debug|Any CPU.ActiveCfg = Debug|Any CPU
		{06DBF89D-6809-469F-A041-8D5F45F876B9}.Debug|Any CPU.Build.0 = Debug|Any CPU
		{06DBF89D-6809-469F-A041-8D5F45F876B9}.Release|Any CPU.ActiveCfg = Release|Any CPU
		{06DBF89D-6809-469F-A041-8D5F45F876B9}.Release|Any CPU.Build.0 = Release|Any CPU
		{F3895C54-6A7C-4935-81AF-F8B63ADB69FE}.Debug|Any CPU.ActiveCfg = Debug|Any CPU
		{F3895C54-6A7C-4935-81AF-F8B63ADB69FE}.Debug|Any CPU.Build.0 = Debug|Any CPU
		{F3895C54-6A7C-4935-81AF-F8B63ADB69FE}.Release|Any CPU.ActiveCfg = Release|Any CPU
		{F3895C54-6A7C-4935-81AF-F8B63ADB69FE}.Release|Any CPU.Build.0 = Release|Any CPU
		{69E95D9B-566C-47F5-8262-7A61755D3FCB}.Debug|Any CPU.ActiveCfg = Debug|Any CPU
		{69E95D9B-566C-47F5-8262-7A61755D3FCB}.Debug|Any CPU.Build.0 = Debug|Any CPU
		{69E95D9B-566C-47F5-8262-7A61755D3FCB}.Release|Any CPU.ActiveCfg = Release|Any CPU
		{69E95D9B-566C-47F5-8262-7A61755D3FCB}.Release|Any CPU.Build.0 = Release|Any CPU
		{8386DC3E-E877-428E-9A90-C88596602E5C}.Debug|Any CPU.ActiveCfg = Debug|Any CPU
		{8386DC3E-E877-428E-9A90-C88596602E5C}.Debug|Any CPU.Build.0 = Debug|Any CPU
		{8386DC3E-E877-428E-9A90-C88596602E5C}.Release|Any CPU.ActiveCfg = Release|Any CPU
		{8386DC3E-E877-428E-9A90-C88596602E5C}.Release|Any CPU.Build.0 = Release|Any CPU
		{41358805-9F6E-48D8-B81B-257F9D4517B3}.Debug|Any CPU.ActiveCfg = Debug|Any CPU
		{41358805-9F6E-48D8-B81B-257F9D4517B3}.Debug|Any CPU.Build.0 = Debug|Any CPU
		{41358805-9F6E-48D8-B81B-257F9D4517B3}.Release|Any CPU.ActiveCfg = Release|Any CPU
		{41358805-9F6E-48D8-B81B-257F9D4517B3}.Release|Any CPU.Build.0 = Release|Any CPU
		{4A70F53B-2F64-4C66-AAAD-2C7D9129A1D2}.Debug|Any CPU.ActiveCfg = Debug|Any CPU
		{4A70F53B-2F64-4C66-AAAD-2C7D9129A1D2}.Debug|Any CPU.Build.0 = Debug|Any CPU
		{4A70F53B-2F64-4C66-AAAD-2C7D9129A1D2}.Release|Any CPU.ActiveCfg = Release|Any CPU
		{4A70F53B-2F64-4C66-AAAD-2C7D9129A1D2}.Release|Any CPU.Build.0 = Release|Any CPU
		{E90C1314-E719-4B90-AFBE-D82343524773}.Debug|Any CPU.ActiveCfg = Debug|Any CPU
		{E90C1314-E719-4B90-AFBE-D82343524773}.Debug|Any CPU.Build.0 = Debug|Any CPU
		{E90C1314-E719-4B90-AFBE-D82343524773}.Release|Any CPU.ActiveCfg = Release|Any CPU
		{E90C1314-E719-4B90-AFBE-D82343524773}.Release|Any CPU.Build.0 = Release|Any CPU
		{F88A7753-EF09-4DD5-8205-CA169C6A74E1}.Debug|Any CPU.ActiveCfg = Debug|Any CPU
		{F88A7753-EF09-4DD5-8205-CA169C6A74E1}.Debug|Any CPU.Build.0 = Debug|Any CPU
		{F88A7753-EF09-4DD5-8205-CA169C6A74E1}.Release|Any CPU.ActiveCfg = Release|Any CPU
		{F88A7753-EF09-4DD5-8205-CA169C6A74E1}.Release|Any CPU.Build.0 = Release|Any CPU
		{A0963296-3351-415F-9011-0C97290CB07F}.Debug|Any CPU.ActiveCfg = Debug|Any CPU
		{A0963296-3351-415F-9011-0C97290CB07F}.Debug|Any CPU.Build.0 = Debug|Any CPU
		{A0963296-3351-415F-9011-0C97290CB07F}.Release|Any CPU.ActiveCfg = Release|Any CPU
		{A0963296-3351-415F-9011-0C97290CB07F}.Release|Any CPU.Build.0 = Release|Any CPU
		{03A24F28-F7BC-4091-ADDF-12DA56FA0E86}.Debug|Any CPU.ActiveCfg = Debug|Any CPU
		{03A24F28-F7BC-4091-ADDF-12DA56FA0E86}.Debug|Any CPU.Build.0 = Debug|Any CPU
		{03A24F28-F7BC-4091-ADDF-12DA56FA0E86}.Release|Any CPU.ActiveCfg = Release|Any CPU
		{03A24F28-F7BC-4091-ADDF-12DA56FA0E86}.Release|Any CPU.Build.0 = Release|Any CPU
		{E7D91FE0-64C3-4E6E-9943-1831626A7250}.Debug|Any CPU.ActiveCfg = Debug|Any CPU
		{E7D91FE0-64C3-4E6E-9943-1831626A7250}.Debug|Any CPU.Build.0 = Debug|Any CPU
		{E7D91FE0-64C3-4E6E-9943-1831626A7250}.Release|Any CPU.ActiveCfg = Release|Any CPU
		{E7D91FE0-64C3-4E6E-9943-1831626A7250}.Release|Any CPU.Build.0 = Release|Any CPU
		{ADD0A8E9-F234-47DB-BDE7-5507EF4B9BA4}.Debug|Any CPU.ActiveCfg = Debug|Any CPU
		{ADD0A8E9-F234-47DB-BDE7-5507EF4B9BA4}.Debug|Any CPU.Build.0 = Debug|Any CPU
		{ADD0A8E9-F234-47DB-BDE7-5507EF4B9BA4}.Release|Any CPU.ActiveCfg = Release|Any CPU
		{ADD0A8E9-F234-47DB-BDE7-5507EF4B9BA4}.Release|Any CPU.Build.0 = Release|Any CPU
		{670C3278-A54F-4CE1-8CC6-3AC1AFD1935D}.Debug|Any CPU.ActiveCfg = Debug|Any CPU
		{670C3278-A54F-4CE1-8CC6-3AC1AFD1935D}.Debug|Any CPU.Build.0 = Debug|Any CPU
		{670C3278-A54F-4CE1-8CC6-3AC1AFD1935D}.Release|Any CPU.ActiveCfg = Release|Any CPU
		{670C3278-A54F-4CE1-8CC6-3AC1AFD1935D}.Release|Any CPU.Build.0 = Release|Any CPU
		{BEB28371-4096-4B31-80D0-9B6CA1A39E4D}.Debug|Any CPU.ActiveCfg = Debug|Any CPU
		{BEB28371-4096-4B31-80D0-9B6CA1A39E4D}.Debug|Any CPU.Build.0 = Debug|Any CPU
		{BEB28371-4096-4B31-80D0-9B6CA1A39E4D}.Release|Any CPU.ActiveCfg = Release|Any CPU
		{BEB28371-4096-4B31-80D0-9B6CA1A39E4D}.Release|Any CPU.Build.0 = Release|Any CPU
		{4FFD2A1A-73CD-4673-B7DB-9422FBC13BF4}.Debug|Any CPU.ActiveCfg = Debug|Any CPU
		{4FFD2A1A-73CD-4673-B7DB-9422FBC13BF4}.Debug|Any CPU.Build.0 = Debug|Any CPU
		{4FFD2A1A-73CD-4673-B7DB-9422FBC13BF4}.Release|Any CPU.ActiveCfg = Release|Any CPU
		{4FFD2A1A-73CD-4673-B7DB-9422FBC13BF4}.Release|Any CPU.Build.0 = Release|Any CPU
		{6BC9926D-61C3-4949-9F61-334C88DD8AF4}.Debug|Any CPU.ActiveCfg = Debug|Any CPU
		{6BC9926D-61C3-4949-9F61-334C88DD8AF4}.Debug|Any CPU.Build.0 = Debug|Any CPU
		{6BC9926D-61C3-4949-9F61-334C88DD8AF4}.Release|Any CPU.ActiveCfg = Release|Any CPU
		{6BC9926D-61C3-4949-9F61-334C88DD8AF4}.Release|Any CPU.Build.0 = Release|Any CPU
		{2E8DA0D5-507A-4F27-8E24-A1C525398C00}.Debug|Any CPU.ActiveCfg = Debug|Any CPU
		{2E8DA0D5-507A-4F27-8E24-A1C525398C00}.Debug|Any CPU.Build.0 = Debug|Any CPU
		{2E8DA0D5-507A-4F27-8E24-A1C525398C00}.Release|Any CPU.ActiveCfg = Release|Any CPU
		{2E8DA0D5-507A-4F27-8E24-A1C525398C00}.Release|Any CPU.Build.0 = Release|Any CPU
		{21F9D9E8-6150-40DC-8914-11AADB156E5F}.Debug|Any CPU.ActiveCfg = Debug|Any CPU
		{21F9D9E8-6150-40DC-8914-11AADB156E5F}.Debug|Any CPU.Build.0 = Debug|Any CPU
		{21F9D9E8-6150-40DC-8914-11AADB156E5F}.Release|Any CPU.ActiveCfg = Release|Any CPU
		{21F9D9E8-6150-40DC-8914-11AADB156E5F}.Release|Any CPU.Build.0 = Release|Any CPU
	EndGlobalSection
	GlobalSection(SolutionProperties) = preSolution
		HideSolutionNode = FALSE
	EndGlobalSection
	GlobalSection(NestedProjects) = preSolution
		{FDBC5688-1BA9-4F65-B6A8-D3F4F76459CE} = {7B2C2D61-20B0-40AF-99D8-77E8263ADF0D}
		{06DBF89D-6809-469F-A041-8D5F45F876B9} = {7B2C2D61-20B0-40AF-99D8-77E8263ADF0D}
		{F3895C54-6A7C-4935-81AF-F8B63ADB69FE} = {7B2C2D61-20B0-40AF-99D8-77E8263ADF0D}
		{69E95D9B-566C-47F5-8262-7A61755D3FCB} = {7B2C2D61-20B0-40AF-99D8-77E8263ADF0D}
		{8386DC3E-E877-428E-9A90-C88596602E5C} = {7B2C2D61-20B0-40AF-99D8-77E8263ADF0D}
		{41358805-9F6E-48D8-B81B-257F9D4517B3} = {7B2C2D61-20B0-40AF-99D8-77E8263ADF0D}
		{4A70F53B-2F64-4C66-AAAD-2C7D9129A1D2} = {C93AAA79-E7DC-484D-96BE-156D770CC709}
		{E90C1314-E719-4B90-AFBE-D82343524773} = {C93AAA79-E7DC-484D-96BE-156D770CC709}
		{F88A7753-EF09-4DD5-8205-CA169C6A74E1} = {C93AAA79-E7DC-484D-96BE-156D770CC709}
		{A0963296-3351-415F-9011-0C97290CB07F} = {C93AAA79-E7DC-484D-96BE-156D770CC709}
		{03A24F28-F7BC-4091-ADDF-12DA56FA0E86} = {A075FCC2-EEB8-4A47-B2FC-E88000DD2C63}
		{E7D91FE0-64C3-4E6E-9943-1831626A7250} = {A075FCC2-EEB8-4A47-B2FC-E88000DD2C63}
		{ADD0A8E9-F234-47DB-BDE7-5507EF4B9BA4} = {A075FCC2-EEB8-4A47-B2FC-E88000DD2C63}
		{670C3278-A54F-4CE1-8CC6-3AC1AFD1935D} = {A075FCC2-EEB8-4A47-B2FC-E88000DD2C63}
		{BEB28371-4096-4B31-80D0-9B6CA1A39E4D} = {0398934E-E470-402D-8A76-231A111A9975}
		{4FFD2A1A-73CD-4673-B7DB-9422FBC13BF4} = {0398934E-E470-402D-8A76-231A111A9975}
		{6BC9926D-61C3-4949-9F61-334C88DD8AF4} = {0398934E-E470-402D-8A76-231A111A9975}
		{2E8DA0D5-507A-4F27-8E24-A1C525398C00} = {0398934E-E470-402D-8A76-231A111A9975}
		{21F9D9E8-6150-40DC-8914-11AADB156E5F} = {59759648-AA0C-4F40-BFD4-B268FBDED479}
	EndGlobalSection
EndGlobal
